// !$*UTF8*$!
{
	archiveVersion = 1;
	classes = {
	};
	objectVersion = 55;
	objects = {

/* Begin PBXBuildFile section */
		AF9E15302821585A0091268D /* main.swift in Sources */ = {isa = PBXBuildFile; fileRef = AF9E152F2821585A0091268D /* main.swift */; };
		AF9E154C282158A10091268D /* Singleton.swift in Sources */ = {isa = PBXBuildFile; fileRef = AF9E1537282158A10091268D /* Singleton.swift */; };
		AF9E154D282158A10091268D /* Builder.swift in Sources */ = {isa = PBXBuildFile; fileRef = AF9E1538282158A10091268D /* Builder.swift */; };
		AF9E154E282158A10091268D /* Prototype.swift in Sources */ = {isa = PBXBuildFile; fileRef = AF9E1539282158A10091268D /* Prototype.swift */; };
		AF9E154F282158A10091268D /* Factory.swift in Sources */ = {isa = PBXBuildFile; fileRef = AF9E153A282158A10091268D /* Factory.swift */; };
		AF9E1550282158A10091268D /* Flyweight.swift in Sources */ = {isa = PBXBuildFile; fileRef = AF9E153C282158A10091268D /* Flyweight.swift */; };
		AF9E1551282158A10091268D /* Bridge.swift in Sources */ = {isa = PBXBuildFile; fileRef = AF9E153D282158A10091268D /* Bridge.swift */; };
		AF9E1552282158A10091268D /* Proxy.swift in Sources */ = {isa = PBXBuildFile; fileRef = AF9E153E282158A10091268D /* Proxy.swift */; };
		AF9E1553282158A10091268D /* Composite.swift in Sources */ = {isa = PBXBuildFile; fileRef = AF9E153F282158A10091268D /* Composite.swift */; };
		AF9E1554282158A10091268D /* Adapter.swift in Sources */ = {isa = PBXBuildFile; fileRef = AF9E1540282158A10091268D /* Adapter.swift */; };
		AF9E1555282158A10091268D /* Facade.swift in Sources */ = {isa = PBXBuildFile; fileRef = AF9E1541282158A10091268D /* Facade.swift */; };
		AF9E1556282158A10091268D /* Decorator.swift in Sources */ = {isa = PBXBuildFile; fileRef = AF9E1542282158A10091268D /* Decorator.swift */; };
		AF9E1557282158A10091268D /* TemplateMethod.swift in Sources */ = {isa = PBXBuildFile; fileRef = AF9E1544282158A10091268D /* TemplateMethod.swift */; };
		AF9E1558282158A10091268D /* Observer.swift in Sources */ = {isa = PBXBuildFile; fileRef = AF9E1545282158A10091268D /* Observer.swift */; };
		AF9E1559282158A10091268D /* Visitor.swift in Sources */ = {isa = PBXBuildFile; fileRef = AF9E1546282158A10091268D /* Visitor.swift */; };
		AF9E155A282158A10091268D /* Memento.swift in Sources */ = {isa = PBXBuildFile; fileRef = AF9E1547282158A10091268D /* Memento.swift */; };
		AF9E155B282158A10091268D /* State.swift in Sources */ = {isa = PBXBuildFile; fileRef = AF9E1548282158A10091268D /* State.swift */; };
		AF9E155C282158A10091268D /* Strategy.swift in Sources */ = {isa = PBXBuildFile; fileRef = AF9E1549282158A10091268D /* Strategy.swift */; };
		AF9E155D282158A10091268D /* Iterator.swift in Sources */ = {isa = PBXBuildFile; fileRef = AF9E154A282158A10091268D /* Iterator.swift */; };
		AF9E155E282158A10091268D /* ChainOfResponsibility.swift in Sources */ = {isa = PBXBuildFile; fileRef = AF9E154B282158A10091268D /* ChainOfResponsibility.swift */; };
/* End PBXBuildFile section */

/* Begin PBXCopyFilesBuildPhase section */
		AF9E152A2821585A0091268D /* CopyFiles */ = {
			isa = PBXCopyFilesBuildPhase;
			buildActionMask = 2147483647;
			dstPath = /usr/share/man/man1/;
			dstSubfolderSpec = 0;
			files = (
			);
			runOnlyForDeploymentPostprocessing = 1;
		};
/* End PBXCopyFilesBuildPhase section */

/* Begin PBXFileReference section */
		AF9E152C2821585A0091268D /* DesignPattern */ = {isa = PBXFileReference; explicitFileType = "compiled.mach-o.executable"; includeInIndex = 0; path = DesignPattern; sourceTree = BUILT_PRODUCTS_DIR; };
		AF9E152F2821585A0091268D /* main.swift */ = {isa = PBXFileReference; lastKnownFileType = sourcecode.swift; path = main.swift; sourceTree = "<group>"; };
		AF9E1537282158A10091268D /* Singleton.swift */ = {isa = PBXFileReference; fileEncoding = 4; lastKnownFileType = sourcecode.swift; path = Singleton.swift; sourceTree = "<group>"; };
		AF9E1538282158A10091268D /* Builder.swift */ = {isa = PBXFileReference; fileEncoding = 4; lastKnownFileType = sourcecode.swift; path = Builder.swift; sourceTree = "<group>"; };
		AF9E1539282158A10091268D /* Prototype.swift */ = {isa = PBXFileReference; fileEncoding = 4; lastKnownFileType = sourcecode.swift; path = Prototype.swift; sourceTree = "<group>"; };
		AF9E153A282158A10091268D /* Factory.swift */ = {isa = PBXFileReference; fileEncoding = 4; lastKnownFileType = sourcecode.swift; path = Factory.swift; sourceTree = "<group>"; };
		AF9E153C282158A10091268D /* Flyweight.swift */ = {isa = PBXFileReference; fileEncoding = 4; lastKnownFileType = sourcecode.swift; path = Flyweight.swift; sourceTree = "<group>"; };
		AF9E153D282158A10091268D /* Bridge.swift */ = {isa = PBXFileReference; fileEncoding = 4; lastKnownFileType = sourcecode.swift; path = Bridge.swift; sourceTree = "<group>"; };
		AF9E153E282158A10091268D /* Proxy.swift */ = {isa = PBXFileReference; fileEncoding = 4; lastKnownFileType = sourcecode.swift; path = Proxy.swift; sourceTree = "<group>"; };
		AF9E153F282158A10091268D /* Composite.swift */ = {isa = PBXFileReference; fileEncoding = 4; lastKnownFileType = sourcecode.swift; path = Composite.swift; sourceTree = "<group>"; };
		AF9E1540282158A10091268D /* Adapter.swift */ = {isa = PBXFileReference; fileEncoding = 4; lastKnownFileType = sourcecode.swift; path = Adapter.swift; sourceTree = "<group>"; };
		AF9E1541282158A10091268D /* Facade.swift */ = {isa = PBXFileReference; fileEncoding = 4; lastKnownFileType = sourcecode.swift; path = Facade.swift; sourceTree = "<group>"; };
		AF9E1542282158A10091268D /* Decorator.swift */ = {isa = PBXFileReference; fileEncoding = 4; lastKnownFileType = sourcecode.swift; path = Decorator.swift; sourceTree = "<group>"; };
		AF9E1544282158A10091268D /* TemplateMethod.swift */ = {isa = PBXFileReference; fileEncoding = 4; lastKnownFileType = sourcecode.swift; path = TemplateMethod.swift; sourceTree = "<group>"; };
		AF9E1545282158A10091268D /* Observer.swift */ = {isa = PBXFileReference; fileEncoding = 4; lastKnownFileType = sourcecode.swift; path = Observer.swift; sourceTree = "<group>"; };
		AF9E1546282158A10091268D /* Visitor.swift */ = {isa = PBXFileReference; fileEncoding = 4; lastKnownFileType = sourcecode.swift; path = Visitor.swift; sourceTree = "<group>"; };
		AF9E1547282158A10091268D /* Memento.swift */ = {isa = PBXFileReference; fileEncoding = 4; lastKnownFileType = sourcecode.swift; path = Memento.swift; sourceTree = "<group>"; };
		AF9E1548282158A10091268D /* State.swift */ = {isa = PBXFileReference; fileEncoding = 4; lastKnownFileType = sourcecode.swift; path = State.swift; sourceTree = "<group>"; };
		AF9E1549282158A10091268D /* Strategy.swift */ = {isa = PBXFileReference; fileEncoding = 4; lastKnownFileType = sourcecode.swift; path = Strategy.swift; sourceTree = "<group>"; };
		AF9E154A282158A10091268D /* Iterator.swift */ = {isa = PBXFileReference; fileEncoding = 4; lastKnownFileType = sourcecode.swift; path = Iterator.swift; sourceTree = "<group>"; };
		AF9E154B282158A10091268D /* ChainOfResponsibility.swift */ = {isa = PBXFileReference; fileEncoding = 4; lastKnownFileType = sourcecode.swift; path = ChainOfResponsibility.swift; sourceTree = "<group>"; };
/* End PBXFileReference section */

/* Begin PBXFrameworksBuildPhase section */
		AF9E15292821585A0091268D /* Frameworks */ = {
			isa = PBXFrameworksBuildPhase;
			buildActionMask = 2147483647;
			files = (
			);
			runOnlyForDeploymentPostprocessing = 0;
		};
/* End PBXFrameworksBuildPhase section */

/* Begin PBXGroup section */
		AF9E15232821585A0091268D = {
			isa = PBXGroup;
			children = (
				AF9E152E2821585A0091268D /* DesignPattern */,
				AF9E152D2821585A0091268D /* Products */,
			);
			sourceTree = "<group>";
		};
		AF9E152D2821585A0091268D /* Products */ = {
			isa = PBXGroup;
			children = (
				AF9E152C2821585A0091268D /* DesignPattern */,
			);
			name = Products;
			sourceTree = "<group>";
		};
		AF9E152E2821585A0091268D /* DesignPattern */ = {
			isa = PBXGroup;
			children = (
				AF9E1536282158A10091268D /* 创建型 */,
				AF9E153B282158A10091268D /* 结构型 */,
				AF9E1543282158A10091268D /* 行为型 */,
				AF9E152F2821585A0091268D /* main.swift */,
			);
			path = DesignPattern;
			sourceTree = "<group>";
		};
		AF9E1536282158A10091268D /* 创建型 */ = {
			isa = PBXGroup;
			children = (
				AF9E1537282158A10091268D /* Singleton.swift */,
				AF9E1538282158A10091268D /* Builder.swift */,
				AF9E1539282158A10091268D /* Prototype.swift */,
				AF9E153A282158A10091268D /* Factory.swift */,
			);
			path = "创建型";
			sourceTree = "<group>";
		};
		AF9E153B282158A10091268D /* 结构型 */ = {
			isa = PBXGroup;
			children = (
				AF9E153C282158A10091268D /* Flyweight.swift */,
				AF9E153D282158A10091268D /* Bridge.swift */,
				AF9E153E282158A10091268D /* Proxy.swift */,
				AF9E153F282158A10091268D /* Composite.swift */,
				AF9E1540282158A10091268D /* Adapter.swift */,
				AF9E1541282158A10091268D /* Facade.swift */,
				AF9E1542282158A10091268D /* Decorator.swift */,
			);
			path = "结构型";
			sourceTree = "<group>";
		};
		AF9E1543282158A10091268D /* 行为型 */ = {
			isa = PBXGroup;
			children = (
				AF9E1544282158A10091268D /* TemplateMethod.swift */,
				AF9E1545282158A10091268D /* Observer.swift */,
				AF9E1546282158A10091268D /* Visitor.swift */,
				AF9E1547282158A10091268D /* Memento.swift */,
				AF9E1548282158A10091268D /* State.swift */,
				AF9E1549282158A10091268D /* Strategy.swift */,
				AF9E154A282158A10091268D /* Iterator.swift */,
				AF9E154B282158A10091268D /* ChainOfResponsibility.swift */,
			);
			path = "行为型";
			sourceTree = "<group>";
		};
/* End PBXGroup section */

/* Begin PBXNativeTarget section */
		AF9E152B2821585A0091268D /* DesignPattern */ = {
			isa = PBXNativeTarget;
			buildConfigurationList = AF9E15332821585A0091268D /* Build configuration list for PBXNativeTarget "DesignPattern" */;
			buildPhases = (
				AF9E15282821585A0091268D /* Sources */,
				AF9E15292821585A0091268D /* Frameworks */,
				AF9E152A2821585A0091268D /* CopyFiles */,
			);
			buildRules = (
			);
			dependencies = (
			);
			name = DesignPattern;
			productName = DesignPattern;
			productReference = AF9E152C2821585A0091268D /* DesignPattern */;
			productType = "com.apple.product-type.tool";
		};
/* End PBXNativeTarget section */

/* Begin PBXProject section */
		AF9E15242821585A0091268D /* Project object */ = {
			isa = PBXProject;
			attributes = {
				BuildIndependentTargetsInParallel = 1;
				LastSwiftUpdateCheck = 1300;
				LastUpgradeCheck = 1300;
				TargetAttributes = {
					AF9E152B2821585A0091268D = {
						CreatedOnToolsVersion = 13.0;
					};
				};
			};
			buildConfigurationList = AF9E15272821585A0091268D /* Build configuration list for PBXProject "DesignPattern" */;
			compatibilityVersion = "Xcode 13.0";
			developmentRegion = en;
			hasScannedForEncodings = 0;
			knownRegions = (
				en,
				Base,
			);
			mainGroup = AF9E15232821585A0091268D;
			productRefGroup = AF9E152D2821585A0091268D /* Products */;
			projectDirPath = "";
			projectRoot = "";
			targets = (
				AF9E152B2821585A0091268D /* DesignPattern */,
			);
		};
/* End PBXProject section */

/* Begin PBXSourcesBuildPhase section */
		AF9E15282821585A0091268D /* Sources */ = {
			isa = PBXSourcesBuildPhase;
			buildActionMask = 2147483647;
			files = (
				AF9E1557282158A10091268D /* TemplateMethod.swift in Sources */,
				AF9E1552282158A10091268D /* Proxy.swift in Sources */,
				AF9E155E282158A10091268D /* ChainOfResponsibility.swift in Sources */,
				AF9E154E282158A10091268D /* Prototype.swift in Sources */,
				AF9E1550282158A10091268D /* Flyweight.swift in Sources */,
				AF9E1554282158A10091268D /* Adapter.swift in Sources */,
				AF9E1558282158A10091268D /* Observer.swift in Sources */,
				AF9E1551282158A10091268D /* Bridge.swift in Sources */,
				AF9E1556282158A10091268D /* Decorator.swift in Sources */,
				AF9E1553282158A10091268D /* Composite.swift in Sources */,
				AF9E1555282158A10091268D /* Facade.swift in Sources */,
				AF9E15302821585A0091268D /* main.swift in Sources */,
				AF9E155D282158A10091268D /* Iterator.swift in Sources */,
				AF9E154C282158A10091268D /* Singleton.swift in Sources */,
				AF9E154D282158A10091268D /* Builder.swift in Sources */,
				AF9E155B282158A10091268D /* State.swift in Sources */,
				AF9E155C282158A10091268D /* Strategy.swift in Sources */,
				AF9E155A282158A10091268D /* Memento.swift in Sources */,
				AF9E1559282158A10091268D /* Visitor.swift in Sources */,
				AF9E154F282158A10091268D /* Factory.swift in Sources */,
			);
			runOnlyForDeploymentPostprocessing = 0;
		};
/* End PBXSourcesBuildPhase section */

/* Begin XCBuildConfiguration section */
		AF9E15312821585A0091268D /* Debug */ = {
			isa = XCBuildConfiguration;
			buildSettings = {
				ALWAYS_SEARCH_USER_PATHS = NO;
				CLANG_ANALYZER_NONNULL = YES;
				CLANG_ANALYZER_NUMBER_OBJECT_CONVERSION = YES_AGGRESSIVE;
				CLANG_CXX_LANGUAGE_STANDARD = "gnu++17";
				CLANG_CXX_LIBRARY = "libc++";
				CLANG_ENABLE_MODULES = YES;
				CLANG_ENABLE_OBJC_ARC = YES;
				CLANG_ENABLE_OBJC_WEAK = YES;
				CLANG_WARN_BLOCK_CAPTURE_AUTORELEASING = YES;
				CLANG_WARN_BOOL_CONVERSION = YES;
				CLANG_WARN_COMMA = YES;
				CLANG_WARN_CONSTANT_CONVERSION = YES;
				CLANG_WARN_DEPRECATED_OBJC_IMPLEMENTATIONS = YES;
				CLANG_WARN_DIRECT_OBJC_ISA_USAGE = YES_ERROR;
				CLANG_WARN_DOCUMENTATION_COMMENTS = YES;
				CLANG_WARN_EMPTY_BODY = YES;
				CLANG_WARN_ENUM_CONVERSION = YES;
				CLANG_WARN_INFINITE_RECURSION = YES;
				CLANG_WARN_INT_CONVERSION = YES;
				CLANG_WARN_NON_LITERAL_NULL_CONVERSION = YES;
				CLANG_WARN_OBJC_IMPLICIT_RETAIN_SELF = YES;
				CLANG_WARN_OBJC_LITERAL_CONVERSION = YES;
				CLANG_WARN_OBJC_ROOT_CLASS = YES_ERROR;
				CLANG_WARN_QUOTED_INCLUDE_IN_FRAMEWORK_HEADER = YES;
				CLANG_WARN_RANGE_LOOP_ANALYSIS = YES;
				CLANG_WARN_STRICT_PROTOTYPES = YES;
				CLANG_WARN_SUSPICIOUS_MOVE = YES;
				CLANG_WARN_UNGUARDED_AVAILABILITY = YES_AGGRESSIVE;
				CLANG_WARN_UNREACHABLE_CODE = YES;
				CLANG_WARN__DUPLICATE_METHOD_MATCH = YES;
				COPY_PHASE_STRIP = NO;
				DEBUG_INFORMATION_FORMAT = dwarf;
				ENABLE_STRICT_OBJC_MSGSEND = YES;
				ENABLE_TESTABILITY = YES;
				GCC_C_LANGUAGE_STANDARD = gnu11;
				GCC_DYNAMIC_NO_PIC = NO;
				GCC_NO_COMMON_BLOCKS = YES;
				GCC_OPTIMIZATION_LEVEL = 0;
				GCC_PREPROCESSOR_DEFINITIONS = (
					"DEBUG=1",
					"$(inherited)",
				);
				GCC_WARN_64_TO_32_BIT_CONVERSION = YES;
				GCC_WARN_ABOUT_RETURN_TYPE = YES_ERROR;
				GCC_WARN_UNDECLARED_SELECTOR = YES;
				GCC_WARN_UNINITIALIZED_AUTOS = YES_AGGRESSIVE;
				GCC_WARN_UNUSED_FUNCTION = YES;
				GCC_WARN_UNUSED_VARIABLE = YES;
				MACOSX_DEPLOYMENT_TARGET = 11.3;
				MTL_ENABLE_DEBUG_INFO = INCLUDE_SOURCE;
				MTL_FAST_MATH = YES;
				ONLY_ACTIVE_ARCH = YES;
				SDKROOT = macosx;
				SWIFT_ACTIVE_COMPILATION_CONDITIONS = DEBUG;
				SWIFT_OPTIMIZATION_LEVEL = "-Onone";
			};
			name = Debug;
		};
		AF9E15322821585A0091268D /* Release */ = {
			isa = XCBuildConfiguration;
			buildSettings = {
				ALWAYS_SEARCH_USER_PATHS = NO;
				CLANG_ANALYZER_NONNULL = YES;
				CLANG_ANALYZER_NUMBER_OBJECT_CONVERSION = YES_AGGRESSIVE;
				CLANG_CXX_LANGUAGE_STANDARD = "gnu++17";
				CLANG_CXX_LIBRARY = "libc++";
				CLANG_ENABLE_MODULES = YES;
				CLANG_ENABLE_OBJC_ARC = YES;
				CLANG_ENABLE_OBJC_WEAK = YES;
				CLANG_WARN_BLOCK_CAPTURE_AUTORELEASING = YES;
				CLANG_WARN_BOOL_CONVERSION = YES;
				CLANG_WARN_COMMA = YES;
				CLANG_WARN_CONSTANT_CONVERSION = YES;
				CLANG_WARN_DEPRECATED_OBJC_IMPLEMENTATIONS = YES;
				CLANG_WARN_DIRECT_OBJC_ISA_USAGE = YES_ERROR;
				CLANG_WARN_DOCUMENTATION_COMMENTS = YES;
				CLANG_WARN_EMPTY_BODY = YES;
				CLANG_WARN_ENUM_CONVERSION = YES;
				CLANG_WARN_INFINITE_RECURSION = YES;
				CLANG_WARN_INT_CONVERSION = YES;
				CLANG_WARN_NON_LITERAL_NULL_CONVERSION = YES;
				CLANG_WARN_OBJC_IMPLICIT_RETAIN_SELF = YES;
				CLANG_WARN_OBJC_LITERAL_CONVERSION = YES;
				CLANG_WARN_OBJC_ROOT_CLASS = YES_ERROR;
				CLANG_WARN_QUOTED_INCLUDE_IN_FRAMEWORK_HEADER = YES;
				CLANG_WARN_RANGE_LOOP_ANALYSIS = YES;
				CLANG_WARN_STRICT_PROTOTYPES = YES;
				CLANG_WARN_SUSPICIOUS_MOVE = YES;
				CLANG_WARN_UNGUARDED_AVAILABILITY = YES_AGGRESSIVE;
				CLANG_WARN_UNREACHABLE_CODE = YES;
				CLANG_WARN__DUPLICATE_METHOD_MATCH = YES;
				COPY_PHASE_STRIP = NO;
				DEBUG_INFORMATION_FORMAT = "dwarf-with-dsym";
				ENABLE_NS_ASSERTIONS = NO;
				ENABLE_STRICT_OBJC_MSGSEND = YES;
				GCC_C_LANGUAGE_STANDARD = gnu11;
				GCC_NO_COMMON_BLOCKS = YES;
				GCC_WARN_64_TO_32_BIT_CONVERSION = YES;
				GCC_WARN_ABOUT_RETURN_TYPE = YES_ERROR;
				GCC_WARN_UNDECLARED_SELECTOR = YES;
				GCC_WARN_UNINITIALIZED_AUTOS = YES_AGGRESSIVE;
				GCC_WARN_UNUSED_FUNCTION = YES;
				GCC_WARN_UNUSED_VARIABLE = YES;
				MACOSX_DEPLOYMENT_TARGET = 11.3;
				MTL_ENABLE_DEBUG_INFO = NO;
				MTL_FAST_MATH = YES;
				SDKROOT = macosx;
				SWIFT_COMPILATION_MODE = wholemodule;
				SWIFT_OPTIMIZATION_LEVEL = "-O";
			};
			name = Release;
		};
		AF9E15342821585A0091268D /* Debug */ = {
			isa = XCBuildConfiguration;
			buildSettings = {
				CODE_SIGN_STYLE = Automatic;
				PRODUCT_NAME = "$(TARGET_NAME)";
				SWIFT_VERSION = 5.0;
			};
			name = Debug;
		};
		AF9E15352821585A0091268D /* Release */ = {
			isa = XCBuildConfiguration;
			buildSettings = {
				CODE_SIGN_STYLE = Automatic;
				PRODUCT_NAME = "$(TARGET_NAME)";
				SWIFT_VERSION = 5.0;
			};
			name = Release;
		};
/* End XCBuildConfiguration section */

/* Begin XCConfigurationList section */
		AF9E15272821585A0091268D /* Build configuration list for PBXProject "DesignPattern" */ = {
			isa = XCConfigurationList;
			buildConfigurations = (
				AF9E15312821585A0091268D /* Debug */,
				AF9E15322821585A0091268D /* Release */,
			);
			defaultConfigurationIsVisible = 0;
			defaultConfigurationName = Release;
		};
		AF9E15332821585A0091268D /* Build configuration list for PBXNativeTarget "DesignPattern" */ = {
			isa = XCConfigurationList;
			buildConfigurations = (
				AF9E15342821585A0091268D /* Debug */,
				AF9E15352821585A0091268D /* Release */,
			);
			defaultConfigurationIsVisible = 0;
			defaultConfigurationName = Release;
		};
/* End XCConfigurationList section */
	};
	rootObject = AF9E15242821585A0091268D /* Project object */;
}
